{
  "name": "homemaking-miniprogram",
  "version": "1.0.0",
  "lockfileVersion": 2,
  "requires": true,
  "packages": {
    "": {
      "name": "homemaking-miniprogram",
      "version": "1.0.0",
      "license": "ISC",
      "dependencies": {
        "mobx-miniprogram": "4.13.2",
        "mobx-miniprogram-bindings": "2.0.0",
        "tim-upload-plugin": "^1.0.5",
        "tim-wx-sdk": "^2.21.2",
        "tim-wx-sdk-ws": "^2.12.0"
      }
    },
    "node_modules/_tim-wx-sdk-ws@2.12.0@tim-wx-sdk-ws": {
      "name": "tim-wx-sdk-ws",
      "version": "2.12.0",
      "license": "ISC"
    },
    "node_modules/mobx-miniprogram": {
      "version": "4.13.2",
      "resolved": "https://registry.npmmirror.com/mobx-miniprogram/-/mobx-miniprogram-4.13.2.tgz",
      "integrity": "sha512-C3HtkqHCLKp35N2gXA80yFD6PNfSqwioPFmnjTQpBLrEqYm1F6yiWZ57CW+8FqgmR306mw6ZfsM5q7hSTHw8BQ=="
    },
    "node_modules/mobx-miniprogram-bindings": {
      "version": "2.0.0",
      "resolved": "https://registry.npmmirror.com/mobx-miniprogram-bindings/-/mobx-miniprogram-bindings-2.0.0.tgz",
      "integrity": "sha512-e8GmulXrBpywTi1jp9wmTgY0aFbUoVvseluz7kIHEktOBxDw3CjKD6z+/ieaojNLfsmaIQRoB5hfzQ4LXq/vOw==",
      "peerDependencies": {
        "mobx-miniprogram": "^4.0.0"
      }
    },
    "node_modules/tim-upload-plugin": {
      "version": "1.0.5",
      "resolved": "https://registry.npmmirror.com/tim-upload-plugin/-/tim-upload-plugin-1.0.5.tgz",
      "integrity": "sha512-GFxo3l60Os/p8rlg1THMcdjIiee7/IyeOTUJ4cwMBgRMxFoxFUmXmKoIS2207+r5F8ai3HqyRZOfiNfcHYrbZw=="
    },
    "node_modules/tim-wx-sdk": {
      "version": "2.21.2",
      "resolved": "https://registry.npmmirror.com/tim-wx-sdk/-/tim-wx-sdk-2.21.2.tgz",
      "integrity": "sha512-h7j9EVkwQh9nqWsPxtgMmEDKUlvBtqmxcjl1fNLx/HJuULFWHoNPzNfCnaVfXICK9JmOzcBDw3WYOhlSANlk+A=="
    },
    "node_modules/tim-wx-sdk-ws": {
      "resolved": "node_modules/_tim-wx-sdk-ws@2.12.0@tim-wx-sdk-ws",
      "link": true
    }
  },
  "dependencies": {
    "_tim-wx-sdk-ws@2.12.0@tim-wx-sdk-ws": {
      "version": "npm:tim-wx-sdk-ws@2.12.0"
    },
    "mobx-miniprogram": {
      "version": "4.13.2",
      "resolved": "https://registry.npmmirror.com/mobx-miniprogram/-/mobx-miniprogram-4.13.2.tgz",
      "integrity": "sha512-C3HtkqHCLKp35N2gXA80yFD6PNfSqwioPFmnjTQpBLrEqYm1F6yiWZ57CW+8FqgmR306mw6ZfsM5q7hSTHw8BQ=="
    },
    "mobx-miniprogram-bindings": {
      "version": "2.0.0",
      "resolved": "https://registry.npmmirror.com/mobx-miniprogram-bindings/-/mobx-miniprogram-bindings-2.0.0.tgz",
      "integrity": "sha512-e8GmulXrBpywTi1jp9wmTgY0aFbUoVvseluz7kIHEktOBxDw3CjKD6z+/ieaojNLfsmaIQRoB5hfzQ4LXq/vOw==",
      "requires": {}
    },
    "tim-upload-plugin": {
      "version": "1.0.5",
      "resolved": "https://registry.npmmirror.com/tim-upload-plugin/-/tim-upload-plugin-1.0.5.tgz",
      "integrity": "sha512-GFxo3l60Os/p8rlg1THMcdjIiee7/IyeOTUJ4cwMBgRMxFoxFUmXmKoIS2207+r5F8ai3HqyRZOfiNfcHYrbZw=="
    },
    "tim-wx-sdk": {
      "version": "2.21.2",
      "resolved": "https://registry.npmmirror.com/tim-wx-sdk/-/tim-wx-sdk-2.21.2.tgz",
      "integrity": "sha512-h7j9EVkwQh9nqWsPxtgMmEDKUlvBtqmxcjl1fNLx/HJuULFWHoNPzNfCnaVfXICK9JmOzcBDw3WYOhlSANlk+A=="
    },
    "tim-wx-sdk-ws": {
      "version": "file:node_modules/_tim-wx-sdk-ws@2.12.0@tim-wx-sdk-ws"
    }
  }
}
